
Microsoft Visual Studio Solution File, Format Version 12.00
# Visual Studio Version 17
VisualStudioVersion = 17.8.34316.72
MinimumVisualStudioVersion = 10.0.40219.1
Project("{FAE04EC0-301F-11D3-BF4B-00C04F79EFBC}") = "GestionAbsences", "GestionAbsences\GestionAbsences.csproj", "{8469AFF8-E5BC-44D0-AD84-D7203A4B6E4C}"
EndProject
Global
	GlobalSection(SolutionConfigurationPlatforms) = preSolution
		Debug|Any CPU = Debug|Any CPU
		Release|Any CPU = Release|Any CPU
	EndGlobalSection
	GlobalSection(ProjectConfigurationPlatforms) = postSolution
		{8469AFF8-E5BC-44D0-AD84-D7203A4B6E4C}.Debug|Any CPU.ActiveCfg = Debug|Any CPU
		{8469AFF8-E5BC-44D0-AD84-D7203A4B6E4C}.Debug|Any CPU.Build.0 = Debug|Any CPU
		{8469AFF8-E5BC-44D0-AD84-D7203A4B6E4C}.Release|Any CPU.ActiveCfg = Release|Any CPU
		{8469AFF8-E5BC-44D0-AD84-D7203A4B6E4C}.Release|Any CPU.Build.0 = Release|Any CPU
	EndGlobalSection
	GlobalSection(SolutionProperties) = preSolution
		HideSolutionNode = FALSE
	EndGlobalSection
	GlobalSection(ExtensibilityGlobals) = postSolution
		SolutionGuid = {F36C2367-8493-4343-B45E-DEC87812E885}
	EndGlobalSection
EndGlobal
